<?xml version="1.0" encoding="utf-8"?>
<Project ToolsVersion="4.0" xmlns="http://schemas.microsoft.com/developer/msbuild/2003">
  <ItemGroup>
    <ClCompile Include="JobSystem.cpp">
      <Filter>Engine</Filter>
    </ClCompile>
    <ClInclude Include="JobSystem.h">
      <Filter>Engine</Filter>
    </ClInclude>
    <ClInclude Include="..\..\Common\ImageData.h">
      <Filter>Graphics</Filter>
    </ClInclude>
    <ClInclude Include="..\..\Common\ThirdParty\stb\stb_image.h">
      <Filter>Graphics</Filter>
    </ClInclude>
  </ItemGroup>
  <ItemGroup>
    <Filter Include="Engine">
      <UniqueIdentifier>{8DBB2F73-23DA-44F7-9187-92BE9CFF6211}</UniqueIdentifier>
    </Filter>
    <Filter Include="Graphics">
      <UniqueIdentifier>{74DFBA39-62F2-4D41-84A8-7C61D425060C}</UniqueIdentifier>
    </Filter>
    <Filter Include="Serializer">
      <UniqueIdentifier>{71F78417-4C5B-47B2-9515-7CFE5F2CC683}</UniqueIdentifier>
    </Filter>
    <Filter Include="Physics">
      <UniqueIdentifier>{BD42367A-FD4B-4B08-891A-482116CD3FB0}</UniqueIdentifier>
    </Filter>
    <Filter Include="Shaders">
      <UniqueIdentifier>{2D65185B-B2FB-45A4-9703-6EF3149874F2}</UniqueIdentifier>
    </Filter>
    <Filter Include="Editor">
      <UniqueIdentifier>{1B019D14-1236-405A-BB2B-71A5700CE25D}</UniqueIdentifier>
    </Filter>
    <Filter Include="Engine\Profiling">
      <UniqueIdentifier>{B57D4186-786D-4BCD-85C4-238D33943F2B}</UniqueIdentifier>
    </Filter>
    <Filter Include="Serializer\Scenes">
      <UniqueIdentifier>{5D23B21D-DD24-4266-A314-7CEE65F85CDD}</UniqueIdentifier>
    </Filter>
    <Filter Include="Editor\ThirdParty">
      <UniqueIdentifier>{E15541EC-8A8C-4A8C-89C7-FF747CAE1E38}</UniqueIdentifier>
    </Filter>
    <Filter Include="Editor\ThirdParty\ImGui">
      <UniqueIdentifier>{1BD13C92-A01D-478C-86EE-3E6325483DC5}</UniqueIdentifier>
    </Filter>
    <Filter Include="Editor\ThirdParty\ImGuizmo">
      <UniqueIdentifier>{164088A5-09C3-4E70-BAD0-38560AD16AE5}</UniqueIdentifier>
    </Filter>
  </ItemGroup>
  <ItemGroup>
    <ClCompile Include="$(IMGUI_WORKS)\src\Editor\EditorContext.cpp">
      <Filter>Editor</Filter>
    </ClCompile>
    <ClInclude Include="$(IMGUI_WORKS)\src\Editor\EditorContext.h">
      <Filter>Editor</Filter>
    </ClInclude>
    <ClCompile Include="$(IMGUI_WORKS)\src\Editor\EditorSceneIO.cpp">
      <Filter>Editor</Filter>
    </ClCompile>
    <ClInclude Include="$(IMGUI_WORKS)\src\Editor\EditorSceneIO.h">
      <Filter>Editor</Filter>
    </ClInclude>
    <ClCompile Include="$(IMGUI_WORKS)\src\Editor\EditorUI.cpp">
      <Filter>Editor</Filter>
    </ClCompile>
    <ClCompile Include="$(IMGUI_WORKS)\src\Editor\GizmoController.cpp">
      <Filter>Editor</Filter>
    </ClCompile>
    <ClCompile Include="$(IMGUI_WORKS)\src\Editor\HierarchyPanel.cpp">
      <Filter>Editor</Filter>
    </ClCompile>
    <ClInclude Include="$(IMGUI_WORKS)\src\imconfig.h">
      <Filter>Editor</Filter>
    </ClInclude>
    <ClCompile Include="$(IMGUI_WORKS)\src\ImGuiBridge.cpp">
      <Filter>Editor</Filter>
    </ClCompile>
    <ClInclude Include="$(IMGUI_WORKS)\src\ImGuiBridge.h">
      <Filter>Editor</Filter>
    </ClInclude>
    <ClCompile Include="$(IMGUI_WORKS)\src\ImGuiPlatform.cpp">
      <Filter>Editor</Filter>
    </ClCompile>
    <ClInclude Include="$(IMGUI_WORKS)\src\ImGuiPlatform.h">
      <Filter>Editor</Filter>
    </ClInclude>
    <ClCompile Include="$(IMGUI_WORKS)\src\Editor\InspectorPanel.cpp">
      <Filter>Editor</Filter>
    </ClCompile>
    <ClCompile Include="$(IMGUI_WORKS)\src\Editor\LegendPanel.cpp">
      <Filter>Editor</Filter>
    </ClCompile>
    <ClCompile Include="$(IMGUI_WORKS)\src\Editor\StatisticsPanel.cpp">
      <Filter>Editor</Filter>
    </ClCompile>
    <ClCompile Include="$(IMGUI_WORKS)\src\Editor\ViewportPanel.cpp">
      <Filter>Editor</Filter>
    </ClCompile>
    <ClCompile Include="$(IMGUI_WORKS)\ThirdParty\imgui\imgui.cpp">
      <Filter>Editor\ThirdParty\ImGui</Filter>
    </ClCompile>
    <ClCompile Include="$(IMGUI_WORKS)\ThirdParty\imgui\imgui_demo.cpp">
      <Filter>Editor\ThirdParty\ImGui</Filter>
    </ClCompile>
    <ClCompile Include="$(IMGUI_WORKS)\ThirdParty\imgui\imgui_draw.cpp">
      <Filter>Editor\ThirdParty\ImGui</Filter>
    </ClCompile>
    <ClCompile Include="$(IMGUI_WORKS)\ThirdParty\imgui\backends\imgui_impl_dx12.cpp">
      <Filter>Editor\ThirdParty\ImGui</Filter>
    </ClCompile>
    <ClCompile Include="$(IMGUI_WORKS)\ThirdParty\imgui\backends\imgui_impl_win32.cpp">
      <Filter>Editor\ThirdParty\ImGui</Filter>
    </ClCompile>
    <ClCompile Include="$(IMGUI_WORKS)\ThirdParty\imgui\imgui_tables.cpp">
      <Filter>Editor\ThirdParty\ImGui</Filter>
    </ClCompile>
    <ClCompile Include="$(IMGUI_WORKS)\ThirdParty\imgui\imgui_widgets.cpp">
      <Filter>Editor\ThirdParty\ImGui</Filter>
    </ClCompile>
    <ClCompile Include="$(IMGUI_WORKS)\ThirdParty\ImGuizmo\src\ImGuizmo.cpp">
      <Filter>Editor\ThirdParty\ImGuizmo</Filter>
    </ClCompile>
    <ClCompile Include="Application.cpp">
      <Filter>Engine</Filter>
    </ClCompile>
    <ClInclude Include="Application.h">
      <Filter>Engine</Filter>
    </ClInclude>
    <ClCompile Include="CameraControllerSystem.cpp">
      <Filter>Engine</Filter>
    </ClCompile>
    <ClInclude Include="CameraControllerSystem.h">
      <Filter>Engine</Filter>
    </ClInclude>
    <ClInclude Include="CameraGLM.h">
      <Filter>Engine</Filter>
    </ClInclude>
    <ClCompile Include="Commons.cpp">
      <Filter>Engine</Filter>
    </ClCompile>
    <ClInclude Include="Commons.h">
      <Filter>Engine</Filter>
    </ClInclude>
    <ClCompile Include="Engine.cpp">
      <Filter>Engine</Filter>
    </ClCompile>
    <ClInclude Include="Engine.h">
      <Filter>Engine</Filter>
    </ClInclude>
    <ClCompile Include="..\..\Common\GameTimer.cpp">
      <Filter>Engine</Filter>
    </ClCompile>
    <ClInclude Include="..\..\Common\GameTimer.h">
      <Filter>Engine</Filter>
    </ClInclude>
    <ClCompile Include="..\..\Common\MathHelper.cpp">
      <Filter>Engine</Filter>
    </ClCompile>
    <ClInclude Include="..\..\Common\MathHelper.h">
      <Filter>Engine</Filter>
    </ClInclude>
    <None Include="RESOURCE_MANAGER.md">
      <Filter>Engine</Filter>
    </None>
    <ClCompile Include="ResourceManager.cpp">
      <Filter>Engine</Filter>
    </ClCompile>
    <ClInclude Include="ResourceManager.h">
      <Filter>Engine</Filter>
    </ClInclude>
    <ClCompile Include="Try2.cpp">
      <Filter>Engine</Filter>
    </ClCompile>
    <ClCompile Include="World.cpp">
      <Filter>Engine</Filter>
    </ClCompile>
    <ClInclude Include="World.h">
      <Filter>Engine</Filter>
    </ClInclude>
    <ClInclude Include="TextureBenchmark.h">
      <Filter>Engine\Profiling</Filter>
    </ClInclude>
    <ClCompile Include="..\..\external\tracy\public\TracyClient.cpp">
      <Filter>Engine\Profiling</Filter>
    </ClCompile>
    <ClInclude Include="..\TexColumns\CustomBuffer.h">
      <Filter>Graphics</Filter>
    </ClInclude>
    <ClCompile Include="D3DRenderAdapter.cpp">
      <Filter>Graphics</Filter>
    </ClCompile>
    <ClInclude Include="D3DRenderAdapter.h">
      <Filter>Graphics</Filter>
    </ClInclude>
    <ClCompile Include="d3dUtils.cpp">
      <Filter>Graphics</Filter>
    </ClCompile>
    <ClInclude Include="d3dUtils.h">
      <Filter>Graphics</Filter>
    </ClInclude>
    <ClInclude Include="..\..\Common\d3dx12.h">
      <Filter>Graphics</Filter>
    </ClInclude>
    <ClCompile Include="..\..\Common\DDSTextureLoader.cpp">
      <Filter>Graphics</Filter>
    </ClCompile>
    <ClInclude Include="..\..\Common\DDSTextureLoader.h">
      <Filter>Graphics</Filter>
    </ClInclude>
    <ClCompile Include="FrameRes.cpp">
      <Filter>Graphics</Filter>
    </ClCompile>
    <ClInclude Include="FrameRes.h">
      <Filter>Graphics</Filter>
    </ClInclude>
    <None Include="MESH_UPLOAD_GUIDE.md">
      <Filter>Graphics</Filter>
    </None>
    <ClCompile Include="RenderSystem.cpp">
      <Filter>Graphics</Filter>
    </ClCompile>
    <ClInclude Include="RenderSystem.h">
      <Filter>Graphics</Filter>
    </ClInclude>
    <None Include="PHYSICS_SYSTEM.md">
      <Filter>Physics</Filter>
    </None>
    <ClInclude Include="PhysicsBroadPhase.h">
      <Filter>Physics</Filter>
    </ClInclude>
    <ClInclude Include="PhysicsCommons.h">
      <Filter>Physics</Filter>
    </ClInclude>
    <ClCompile Include="PhysicsSystem.cpp">
      <Filter>Physics</Filter>
    </ClCompile>
    <ClInclude Include="PhysicsSystem.h">
      <Filter>Physics</Filter>
    </ClInclude>
    <ClCompile Include="DemoScene.cpp">
      <Filter>Serializer</Filter>
    </ClCompile>
    <ClInclude Include="DemoScene.h">
      <Filter>Serializer</Filter>
    </ClInclude>
    <ClCompile Include="SceneFactory.cpp">
      <Filter>Serializer</Filter>
    </ClCompile>
    <ClInclude Include="SceneFactory.h">
      <Filter>Serializer</Filter>
    </ClInclude>
    <ClCompile Include="SceneSerializer.cpp">
      <Filter>Serializer</Filter>
    </ClCompile>
    <ClInclude Include="SceneSerializer.h">
      <Filter>Serializer</Filter>
    </ClInclude>
    <None Include="Scenes\CharacterShowcase.json">
      <Filter>Serializer\Scenes</Filter>
    </None>
    <None Include="Scenes\DemoScene.json">
      <Filter>Serializer\Scenes</Filter>
    </None>
    <None Include="Scenes\EditorPlaySnapshot.json">
      <Filter>Serializer\Scenes</Filter>
    </None>
    <None Include="Scenes\EditorSave.json">
      <Filter>Serializer\Scenes</Filter>
    </None>
    <None Include="Scenes\PhysicsMixed512.json">
      <Filter>Serializer\Scenes</Filter>
    </None>
    <None Include="Scenes\PhysicsStress256.json">
      <Filter>Serializer\Scenes</Filter>
    </None>
    <None Include="Scenes\TextureStreaming1000.json">
      <Filter>Serializer\Scenes</Filter>
    </None>
    <Text Include="Shaders\Debug.hlsl">
      <Filter>Shaders</Filter>
    </Text>
    <Text Include="Shaders\Default.hlsl">
      <Filter>Shaders</Filter>
    </Text>
    <Text Include="Shaders\GeometryPass.hlsl">
      <Filter>Shaders</Filter>
    </Text>
    <Text Include="Shaders\LightingPass.hlsl">
      <Filter>Shaders</Filter>
    </Text>
    <Text Include="Shaders\LightingUtil.hlsl">
      <Filter>Shaders</Filter>
    </Text>
    <Text Include="Shaders\ResolvePass.hlsl">
      <Filter>Shaders</Filter>
    </Text>
    <Text Include="Shaders\TransparentUnlit.hlsl">
      <Filter>Shaders</Filter>
    </Text>
  </ItemGroup>
</Project>
